
Microsoft Visual Studio Solution File, Format Version 12.00
# Visual Studio Version 16
VisualStudioVersion = 16.0.30611.23
MinimumVisualStudioVersion = 10.0.40219.1
Project("{FAE04EC0-301F-11D3-BF4B-00C04F79EFBC}") = "ExercicioComDictionary", "ExercicioComDictionary\ExercicioComDictionary.csproj", "{A975FCD1-7351-4B06-9A4E-6B3B24A561FF}"
EndProject
Global
	GlobalSection(SolutionConfigurationPlatforms) = preSolution
		Debug|Any CPU = Debug|Any CPU
		Release|Any CPU = Release|Any CPU
	EndGlobalSection
	GlobalSection(ProjectConfigurationPlatforms) = postSolution
		{A975FCD1-7351-4B06-9A4E-6B3B24A561FF}.Debug|Any CPU.ActiveCfg = Debug|Any CPU
		{A975FCD1-7351-4B06-9A4E-6B3B24A561FF}.Debug|Any CPU.Build.0 = Debug|Any CPU
		{A975FCD1-7351-4B06-9A4E-6B3B24A561FF}.Release|Any CPU.ActiveCfg = Release|Any CPU
		{A975FCD1-7351-4B06-9A4E-6B3B24A561FF}.Release|Any CPU.Build.0 = Release|Any CPU
	EndGlobalSection
	GlobalSection(SolutionProperties) = preSolution
		HideSolutionNode = FALSE
	EndGlobalSection
	GlobalSection(ExtensibilityGlobals) = postSolution
		SolutionGuid = {2446D172-6B63-4CC0-92AB-008453873CEF}
	EndGlobalSection
EndGlobal
